// !$*UTF8*$!
{
	archiveVersion = 1;
	classes = {
	};
	objectVersion = 46;
	objects = {

/* Begin PBXBuildFile section */
		2944CC231820027C005DBB19 /* Foundation.framework in Frameworks */ = {isa = PBXBuildFile; fileRef = 2944CC221820027C005DBB19 /* Foundation.framework */; };
		2944CC251820027C005DBB19 /* CoreGraphics.framework in Frameworks */ = {isa = PBXBuildFile; fileRef = 2944CC241820027C005DBB19 /* CoreGraphics.framework */; };
		2944CC271820027C005DBB19 /* UIKit.framework in Frameworks */ = {isa = PBXBuildFile; fileRef = 2944CC261820027C005DBB19 /* UIKit.framework */; };
		2944CC2D1820027D005DBB19 /* InfoPlist.strings in Resources */ = {isa = PBXBuildFile; fileRef = 2944CC2B1820027D005DBB19 /* InfoPlist.strings */; };
		2944CC2F1820027D005DBB19 /* main.m in Sources */ = {isa = PBXBuildFile; fileRef = 2944CC2E1820027D005DBB19 /* main.m */; };
		2944CC331820027D005DBB19 /* AppDelegate.m in Sources */ = {isa = PBXBuildFile; fileRef = 2944CC321820027D005DBB19 /* AppDelegate.m */; };
		2944CC361820027D005DBB19 /* Main.storyboard in Resources */ = {isa = PBXBuildFile; fileRef = 2944CC341820027D005DBB19 /* Main.storyboard */; };
		2944CC391820027D005DBB19 /* ViewController.m in Sources */ = {isa = PBXBuildFile; fileRef = 2944CC381820027D005DBB19 /* ViewController.m */; };
		2944CC3B1820027D005DBB19 /* Images.xcassets in Resources */ = {isa = PBXBuildFile; fileRef = 2944CC3A1820027D005DBB19 /* Images.xcassets */; };
		2944CC421820027D005DBB19 /* XCTest.framework in Frameworks */ = {isa = PBXBuildFile; fileRef = 2944CC411820027D005DBB19 /* XCTest.framework */; };
		2944CC431820027D005DBB19 /* Foundation.framework in Frameworks */ = {isa = PBXBuildFile; fileRef = 2944CC221820027C005DBB19 /* Foundation.framework */; };
		2944CC441820027D005DBB19 /* UIKit.framework in Frameworks */ = {isa = PBXBuildFile; fileRef = 2944CC261820027C005DBB19 /* UIKit.framework */; };
		2944CC4C1820027D005DBB19 /* InfoPlist.strings in Resources */ = {isa = PBXBuildFile; fileRef = 2944CC4A1820027D005DBB19 /* InfoPlist.strings */; };
		2944CC4E1820027D005DBB19 /* QuoteGenTests.m in Sources */ = {isa = PBXBuildFile; fileRef = 2944CC4D1820027D005DBB19 /* QuoteGenTests.m */; };
/* End PBXBuildFile section */

/* Begin PBXContainerItemProxy section */
		2944CC451820027D005DBB19 /* PBXContainerItemProxy */ = {
			isa = PBXContainerItemProxy;
			containerPortal = 2944CC171820027C005DBB19 /* Project object */;
			proxyType = 1;
			remoteGlobalIDString = 2944CC1E1820027C005DBB19;
			remoteInfo = QuoteGen;
		};
/* End PBXContainerItemProxy section */

/* Begin PBXFileReference section */
		2944CC1F1820027C005DBB19 /* QuoteGen.app */ = {isa = PBXFileReference; explicitFileType = wrapper.application; includeInIndex = 0; path = QuoteGen.app; sourceTree = BUILT_PRODUCTS_DIR; };
		2944CC221820027C005DBB19 /* Foundation.framework */ = {isa = PBXFileReference; lastKnownFileType = wrapper.framework; name = Foundation.framework; path = System/Library/Frameworks/Foundation.framework; sourceTree = SDKROOT; };
		2944CC241820027C005DBB19 /* CoreGraphics.framework */ = {isa = PBXFileReference; lastKnownFileType = wrapper.framework; name = CoreGraphics.framework; path = System/Library/Frameworks/CoreGraphics.framework; sourceTree = SDKROOT; };
		2944CC261820027C005DBB19 /* UIKit.framework */ = {isa = PBXFileReference; lastKnownFileType = wrapper.framework; name = UIKit.framework; path = System/Library/Frameworks/UIKit.framework; sourceTree = SDKROOT; };
		2944CC2A1820027D005DBB19 /* QuoteGen-Info.plist */ = {isa = PBXFileReference; lastKnownFileType = text.plist.xml; path = "QuoteGen-Info.plist"; sourceTree = "<group>"; };
		2944CC2C1820027D005DBB19 /* en */ = {isa = PBXFileReference; lastKnownFileType = text.plist.strings; name = en; path = en.lproj/InfoPlist.strings; sourceTree = "<group>"; };
		2944CC2E1820027D005DBB19 /* main.m */ = {isa = PBXFileReference; lastKnownFileType = sourcecode.c.objc; path = main.m; sourceTree = "<group>"; };
		2944CC301820027D005DBB19 /* QuoteGen-Prefix.pch */ = {isa = PBXFileReference; lastKnownFileType = sourcecode.c.h; path = "QuoteGen-Prefix.pch"; sourceTree = "<group>"; };
		2944CC311820027D005DBB19 /* AppDelegate.h */ = {isa = PBXFileReference; lastKnownFileType = sourcecode.c.h; path = AppDelegate.h; sourceTree = "<group>"; };
		2944CC321820027D005DBB19 /* AppDelegate.m */ = {isa = PBXFileReference; lastKnownFileType = sourcecode.c.objc; path = AppDelegate.m; sourceTree = "<group>"; };
		2944CC351820027D005DBB19 /* Base */ = {isa = PBXFileReference; lastKnownFileType = file.storyboard; name = Base; path = Base.lproj/Main.storyboard; sourceTree = "<group>"; };
		2944CC371820027D005DBB19 /* ViewController.h */ = {isa = PBXFileReference; lastKnownFileType = sourcecode.c.h; path = ViewController.h; sourceTree = "<group>"; };
		2944CC381820027D005DBB19 /* ViewController.m */ = {isa = PBXFileReference; lastKnownFileType = sourcecode.c.objc; path = ViewController.m; sourceTree = "<group>"; };
		2944CC3A1820027D005DBB19 /* Images.xcassets */ = {isa = PBXFileReference; lastKnownFileType = folder.assetcatalog; path = Images.xcassets; sourceTree = "<group>"; };
		2944CC401820027D005DBB19 /* QuoteGenTests.xctest */ = {isa = PBXFileReference; explicitFileType = wrapper.cfbundle; includeInIndex = 0; path = QuoteGenTests.xctest; sourceTree = BUILT_PRODUCTS_DIR; };
		2944CC411820027D005DBB19 /* XCTest.framework */ = {isa = PBXFileReference; lastKnownFileType = wrapper.framework; name = XCTest.framework; path = Library/Frameworks/XCTest.framework; sourceTree = DEVELOPER_DIR; };
		2944CC491820027D005DBB19 /* QuoteGenTests-Info.plist */ = {isa = PBXFileReference; lastKnownFileType = text.plist.xml; path = "QuoteGenTests-Info.plist"; sourceTree = "<group>"; };
		2944CC4B1820027D005DBB19 /* en */ = {isa = PBXFileReference; lastKnownFileType = text.plist.strings; name = en; path = en.lproj/InfoPlist.strings; sourceTree = "<group>"; };
		2944CC4D1820027D005DBB19 /* QuoteGenTests.m */ = {isa = PBXFileReference; lastKnownFileType = sourcecode.c.objc; path = QuoteGenTests.m; sourceTree = "<group>"; };
/* End PBXFileReference section */

/* Begin PBXFrameworksBuildPhase section */
		2944CC1C1820027C005DBB19 /* Frameworks */ = {
			isa = PBXFrameworksBuildPhase;
			buildActionMask = 2147483647;
			files = (
				2944CC251820027C005DBB19 /* CoreGraphics.framework in Frameworks */,
				2944CC271820027C005DBB19 /* UIKit.framework in Frameworks */,
				2944CC231820027C005DBB19 /* Foundation.framework in Frameworks */,
			);
			runOnlyForDeploymentPostprocessing = 0;
		};
		2944CC3D1820027D005DBB19 /* Frameworks */ = {
			isa = PBXFrameworksBuildPhase;
			buildActionMask = 2147483647;
			files = (
				2944CC421820027D005DBB19 /* XCTest.framework in Frameworks */,
				2944CC441820027D005DBB19 /* UIKit.framework in Frameworks */,
				2944CC431820027D005DBB19 /* Foundation.framework in Frameworks */,
			);
			runOnlyForDeploymentPostprocessing = 0;
		};
/* End PBXFrameworksBuildPhase section */

/* Begin PBXGroup section */
		2944CC161820027C005DBB19 = {
			isa = PBXGroup;
			children = (
				2944CC281820027D005DBB19 /* QuoteGen */,
				2944CC471820027D005DBB19 /* QuoteGenTests */,
				2944CC211820027C005DBB19 /* Frameworks */,
				2944CC201820027C005DBB19 /* Products */,
			);
			sourceTree = "<group>";
		};
		2944CC201820027C005DBB19 /* Products */ = {
			isa = PBXGroup;
			children = (
				2944CC1F1820027C005DBB19 /* QuoteGen.app */,
				2944CC401820027D005DBB19 /* QuoteGenTests.xctest */,
			);
			name = Products;
			sourceTree = "<group>";
		};
		2944CC211820027C005DBB19 /* Frameworks */ = {
			isa = PBXGroup;
			children = (
				2944CC221820027C005DBB19 /* Foundation.framework */,
				2944CC241820027C005DBB19 /* CoreGraphics.framework */,
				2944CC261820027C005DBB19 /* UIKit.framework */,
				2944CC411820027D005DBB19 /* XCTest.framework */,
			);
			name = Frameworks;
			sourceTree = "<group>";
		};
		2944CC281820027D005DBB19 /* QuoteGen */ = {
			isa = PBXGroup;
			children = (
				2944CC311820027D005DBB19 /* AppDelegate.h */,
				2944CC321820027D005DBB19 /* AppDelegate.m */,
				2944CC341820027D005DBB19 /* Main.storyboard */,
				2944CC371820027D005DBB19 /* ViewController.h */,
				2944CC381820027D005DBB19 /* ViewController.m */,
				2944CC3A1820027D005DBB19 /* Images.xcassets */,
				2944CC291820027D005DBB19 /* Supporting Files */,
			);
			path = QuoteGen;
			sourceTree = "<group>";
		};
		2944CC291820027D005DBB19 /* Supporting Files */ = {
			isa = PBXGroup;
			children = (
				2944CC2A1820027D005DBB19 /* QuoteGen-Info.plist */,
				2944CC2B1820027D005DBB19 /* InfoPlist.strings */,
				2944CC2E1820027D005DBB19 /* main.m */,
				2944CC301820027D005DBB19 /* QuoteGen-Prefix.pch */,
			);
			name = "Supporting Files";
			sourceTree = "<group>";
		};
		2944CC471820027D005DBB19 /* QuoteGenTests */ = {
			isa = PBXGroup;
			children = (
				2944CC4D1820027D005DBB19 /* QuoteGenTests.m */,
				2944CC481820027D005DBB19 /* Supporting Files */,
			);
			path = QuoteGenTests;
			sourceTree = "<group>";
		};
		2944CC481820027D005DBB19 /* Supporting Files */ = {
			isa = PBXGroup;
			children = (
				2944CC491820027D005DBB19 /* QuoteGenTests-Info.plist */,
				2944CC4A1820027D005DBB19 /* InfoPlist.strings */,
			);
			name = "Supporting Files";
			sourceTree = "<group>";
		};
/* End PBXGroup section */

/* Begin PBXNativeTarget section */
		2944CC1E1820027C005DBB19 /* QuoteGen */ = {
			isa = PBXNativeTarget;
			buildConfigurationList = 2944CC511820027D005DBB19 /* Build configuration list for PBXNativeTarget "QuoteGen" */;
			buildPhases = (
				2944CC1B1820027C005DBB19 /* Sources */,
				2944CC1C1820027C005DBB19 /* Frameworks */,
				2944CC1D1820027C005DBB19 /* Resources */,
			);
			buildRules = (
			);
			dependencies = (
			);
			name = QuoteGen;
			productName = QuoteGen;
			productReference = 2944CC1F1820027C005DBB19 /* QuoteGen.app */;
			productType = "com.apple.product-type.application";
		};
		2944CC3F1820027D005DBB19 /* QuoteGenTests */ = {
			isa = PBXNativeTarget;
			buildConfigurationList = 2944CC541820027D005DBB19 /* Build configuration list for PBXNativeTarget "QuoteGenTests" */;
			buildPhases = (
				2944CC3C1820027D005DBB19 /* Sources */,
				2944CC3D1820027D005DBB19 /* Frameworks */,
				2944CC3E1820027D005DBB19 /* Resources */,
			);
			buildRules = (
			);
			dependencies = (
				2944CC461820027D005DBB19 /* PBXTargetDependency */,
			);
			name = QuoteGenTests;
			productName = QuoteGenTests;
			productReference = 2944CC401820027D005DBB19 /* QuoteGenTests.xctest */;
			productType = "com.apple.product-type.bundle.unit-test";
		};
/* End PBXNativeTarget section */

/* Begin PBXProject section */
		2944CC171820027C005DBB19 /* Project object */ = {
			isa = PBXProject;
			attributes = {
				LastUpgradeCheck = 0500;
				ORGANIZATIONNAME = "Yutaro Tanaka";
				TargetAttributes = {
					2944CC3F1820027D005DBB19 = {
						TestTargetID = 2944CC1E1820027C005DBB19;
					};
				};
			};
			buildConfigurationList = 2944CC1A1820027C005DBB19 /* Build configuration list for PBXProject "QuoteGen" */;
			compatibilityVersion = "Xcode 3.2";
			developmentRegion = English;
			hasScannedForEncodings = 0;
			knownRegions = (
				en,
				Base,
			);
			mainGroup = 2944CC161820027C005DBB19;
			productRefGroup = 2944CC201820027C005DBB19 /* Products */;
			projectDirPath = "";
			projectRoot = "";
			targets = (
				2944CC1E1820027C005DBB19 /* QuoteGen */,
				2944CC3F1820027D005DBB19 /* QuoteGenTests */,
			);
		};
/* End PBXProject section */

/* Begin PBXResourcesBuildPhase section */
		2944CC1D1820027C005DBB19 /* Resources */ = {
			isa = PBXResourcesBuildPhase;
			buildActionMask = 2147483647;
			files = (
				2944CC3B1820027D005DBB19 /* Images.xcassets in Resources */,
				2944CC2D1820027D005DBB19 /* InfoPlist.strings in Resources */,
				2944CC361820027D005DBB19 /* Main.storyboard in Resources */,
			);
			runOnlyForDeploymentPostprocessing = 0;
		};
		2944CC3E1820027D005DBB19 /* Resources */ = {
			isa = PBXResourcesBuildPhase;
			buildActionMask = 2147483647;
			files = (
				2944CC4C1820027D005DBB19 /* InfoPlist.strings in Resources */,
			);
			runOnlyForDeploymentPostprocessing = 0;
		};
/* End PBXResourcesBuildPhase section */

/* Begin PBXSourcesBuildPhase section */
		2944CC1B1820027C005DBB19 /* Sources */ = {
			isa = PBXSourcesBuildPhase;
			buildActionMask = 2147483647;
			files = (
				2944CC391820027D005DBB19 /* ViewController.m in Sources */,
				2944CC331820027D005DBB19 /* AppDelegate.m in Sources */,
				2944CC2F1820027D005DBB19 /* main.m in Sources */,
			);
			runOnlyForDeploymentPostprocessing = 0;
		};
		2944CC3C1820027D005DBB19 /* Sources */ = {
			isa = PBXSourcesBuildPhase;
			buildActionMask = 2147483647;
			files = (
				2944CC4E1820027D005DBB19 /* QuoteGenTests.m in Sources */,
			);
			runOnlyForDeploymentPostprocessing = 0;
		};
/* End PBXSourcesBuildPhase section */

/* Begin PBXTargetDependency section */
		2944CC461820027D005DBB19 /* PBXTargetDependency */ = {
			isa = PBXTargetDependency;
			target = 2944CC1E1820027C005DBB19 /* QuoteGen */;
			targetProxy = 2944CC451820027D005DBB19 /* PBXContainerItemProxy */;
		};
/* End PBXTargetDependency section */

/* Begin PBXVariantGroup section */
		2944CC2B1820027D005DBB19 /* InfoPlist.strings */ = {
			isa = PBXVariantGroup;
			children = (
				2944CC2C1820027D005DBB19 /* en */,
			);
			name = InfoPlist.strings;
			sourceTree = "<group>";
		};
		2944CC341820027D005DBB19 /* Main.storyboard */ = {
			isa = PBXVariantGroup;
			children = (
				2944CC351820027D005DBB19 /* Base */,
			);
			name = Main.storyboard;
			sourceTree = "<group>";
		};
		2944CC4A1820027D005DBB19 /* InfoPlist.strings */ = {
			isa = PBXVariantGroup;
			children = (
				2944CC4B1820027D005DBB19 /* en */,
			);
			name = InfoPlist.strings;
			sourceTree = "<group>";
		};
/* End PBXVariantGroup section */

/* Begin XCBuildConfiguration section */
		2944CC4F1820027D005DBB19 /* Debug */ = {
			isa = XCBuildConfiguration;
			buildSettings = {
				ALWAYS_SEARCH_USER_PATHS = NO;
				ARCHS = "$(ARCHS_STANDARD_INCLUDING_64_BIT)";
				CLANG_CXX_LANGUAGE_STANDARD = "gnu++0x";
				CLANG_CXX_LIBRARY = "libc++";
				CLANG_ENABLE_MODULES = YES;
				CLANG_ENABLE_OBJC_ARC = YES;
				CLANG_WARN_BOOL_CONVERSION = YES;
				CLANG_WARN_CONSTANT_CONVERSION = YES;
				CLANG_WARN_DIRECT_OBJC_ISA_USAGE = YES_ERROR;
				CLANG_WARN_EMPTY_BODY = YES;
				CLANG_WARN_ENUM_CONVERSION = YES;
				CLANG_WARN_INT_CONVERSION = YES;
				CLANG_WARN_OBJC_ROOT_CLASS = YES_ERROR;
				CLANG_WARN__DUPLICATE_METHOD_MATCH = YES;
				"CODE_SIGN_IDENTITY[sdk=iphoneos*]" = "iPhone Developer";
				COPY_PHASE_STRIP = NO;
				GCC_C_LANGUAGE_STANDARD = gnu99;
				GCC_DYNAMIC_NO_PIC = NO;
				GCC_OPTIMIZATION_LEVEL = 0;
				GCC_PREPROCESSOR_DEFINITIONS = (
					"DEBUG=1",
					"$(inherited)",
				);
				GCC_SYMBOLS_PRIVATE_EXTERN = NO;
				GCC_WARN_64_TO_32_BIT_CONVERSION = YES;
				GCC_WARN_ABOUT_RETURN_TYPE = YES_ERROR;
				GCC_WARN_UNDECLARED_SELECTOR = YES;
				GCC_WARN_UNINITIALIZED_AUTOS = YES;
				GCC_WARN_UNUSED_FUNCTION = YES;
				GCC_WARN_UNUSED_VARIABLE = YES;
				IPHONEOS_DEPLOYMENT_TARGET = 7.0;
				ONLY_ACTIVE_ARCH = YES;
				SDKROOT = iphoneos;
			};
			name = Debug;
		};
		2944CC501820027D005DBB19 /* Release */ = {
			isa = XCBuildConfiguration;
			buildSettings = {
				ALWAYS_SEARCH_USER_PATHS = NO;
				ARCHS = "$(ARCHS_STANDARD_INCLUDING_64_BIT)";
				CLANG_CXX_LANGUAGE_STANDARD = "gnu++0x";
				CLANG_CXX_LIBRARY = "libc++";
				CLANG_ENABLE_MODULES = YES;
				CLANG_ENABLE_OBJC_ARC = YES;
				CLANG_WARN_BOOL_CONVERSION = YES;
				CLANG_WARN_CONSTANT_CONVERSION = YES;
				CLANG_WARN_DIRECT_OBJC_ISA_USAGE = YES_ERROR;
				CLANG_WARN_EMPTY_BODY = YES;
				CLANG_WARN_ENUM_CONVERSION = YES;
				CLANG_WARN_INT_CONVERSION = YES;
				CLANG_WARN_OBJC_ROOT_CLASS = YES_ERROR;
				CLANG_WARN__DUPLICATE_METHOD_MATCH = YES;
				"CODE_SIGN_IDENTITY[sdk=iphoneos*]" = "iPhone Developer";
				COPY_PHASE_STRIP = YES;
				ENABLE_NS_ASSERTIONS = NO;
				GCC_C_LANGUAGE_STANDARD = gnu99;
				GCC_WARN_64_TO_32_BIT_CONVERSION = YES;
				GCC_WARN_ABOUT_RETURN_TYPE = YES_ERROR;
				GCC_WARN_UNDECLARED_SELECTOR = YES;
				GCC_WARN_UNINITIALIZED_AUTOS = YES;
				GCC_WARN_UNUSED_FUNCTION = YES;
				GCC_WARN_UNUSED_VARIABLE = YES;
				IPHONEOS_DEPLOYMENT_TARGET = 7.0;
				SDKROOT = iphoneos;
				VALIDATE_PRODUCT = YES;
			};
			name = Release;
		};
		2944CC521820027D005DBB19 /* Debug */ = {
			isa = XCBuildConfiguration;
			buildSettings = {
				ASSETCATALOG_COMPILER_APPICON_NAME = AppIcon;
				ASSETCATALOG_COMPILER_LAUNCHIMAGE_NAME = LaunchImage;
				GCC_PRECOMPILE_PREFIX_HEADER = YES;
				GCC_PREFIX_HEADER = "QuoteGen/QuoteGen-Prefix.pch";
				INFOPLIST_FILE = "QuoteGen/QuoteGen-Info.plist";
				PRODUCT_NAME = "$(TARGET_NAME)";
				WRAPPER_EXTENSION = app;
			};
			name = Debug;
		};
		2944CC531820027D005DBB19 /* Release */ = {
			isa = XCBuildConfiguration;
			buildSettings = {
				ASSETCATALOG_COMPILER_APPICON_NAME = AppIcon;
				ASSETCATALOG_COMPILER_LAUNCHIMAGE_NAME = LaunchImage;
				GCC_PRECOMPILE_PREFIX_HEADER = YES;
				GCC_PREFIX_HEADER = "QuoteGen/QuoteGen-Prefix.pch";
				INFOPLIST_FILE = "QuoteGen/QuoteGen-Info.plist";
				PRODUCT_NAME = "$(TARGET_NAME)";
				WRAPPER_EXTENSION = app;
			};
			name = Release;
		};
		2944CC551820027D005DBB19 /* Debug */ = {
			isa = XCBuildConfiguration;
			buildSettings = {
				ARCHS = "$(ARCHS_STANDARD_INCLUDING_64_BIT)";
				BUNDLE_LOADER = "$(BUILT_PRODUCTS_DIR)/QuoteGen.app/QuoteGen";
				FRAMEWORK_SEARCH_PATHS = (
					"$(SDKROOT)/Developer/Library/Frameworks",
					"$(inherited)",
					"$(DEVELOPER_FRAMEWORKS_DIR)",
				);
				GCC_PRECOMPILE_PREFIX_HEADER = YES;
				GCC_PREFIX_HEADER = "QuoteGen/QuoteGen-Prefix.pch";
				GCC_PREPROCESSOR_DEFINITIONS = (
					"DEBUG=1",
					"$(inherited)",
				);
				INFOPLIST_FILE = "QuoteGenTests/QuoteGenTests-Info.plist";
				PRODUCT_NAME = "$(TARGET_NAME)";
				TEST_HOST = "$(BUNDLE_LOADER)";
				WRAPPER_EXTENSION = xctest;
			};
			name = Debug;
		};
		2944CC561820027D005DBB19 /* Release */ = {
			isa = XCBuildConfiguration;
			buildSettings = {
				ARCHS = "$(ARCHS_STANDARD_INCLUDING_64_BIT)";
				BUNDLE_LOADER = "$(BUILT_PRODUCTS_DIR)/QuoteGen.app/QuoteGen";
				FRAMEWORK_SEARCH_PATHS = (
					"$(SDKROOT)/Developer/Library/Frameworks",
					"$(inherited)",
					"$(DEVELOPER_FRAMEWORKS_DIR)",
				);
				GCC_PRECOMPILE_PREFIX_HEADER = YES;
				GCC_PREFIX_HEADER = "QuoteGen/QuoteGen-Prefix.pch";
				INFOPLIST_FILE = "QuoteGenTests/QuoteGenTests-Info.plist";
				PRODUCT_NAME = "$(TARGET_NAME)";
				TEST_HOST = "$(BUNDLE_LOADER)";
				WRAPPER_EXTENSION = xctest;
			};
			name = Release;
		};
/* End XCBuildConfiguration section */

/* Begin XCConfigurationList section */
		2944CC1A1820027C005DBB19 /* Build configuration list for PBXProject "QuoteGen" */ = {
			isa = XCConfigurationList;
			buildConfigurations = (
				2944CC4F1820027D005DBB19 /* Debug */,
				2944CC501820027D005DBB19 /* Release */,
			);
			defaultConfigurationIsVisible = 0;
			defaultConfigurationName = Release;
		};
		2944CC511820027D005DBB19 /* Build configuration list for PBXNativeTarget "QuoteGen" */ = {
			isa = XCConfigurationList;
			buildConfigurations = (
				2944CC521820027D005DBB19 /* Debug */,
				2944CC531820027D005DBB19 /* Release */,
			);
			defaultConfigurationIsVisible = 0;
		};
		2944CC541820027D005DBB19 /* Build configuration list for PBXNativeTarget "QuoteGenTests" */ = {
			isa = XCConfigurationList;
			buildConfigurations = (
				2944CC551820027D005DBB19 /* Debug */,
				2944CC561820027D005DBB19 /* Release */,
			);
			defaultConfigurationIsVisible = 0;
		};
/* End XCConfigurationList section */
	};
	rootObject = 2944CC171820027C005DBB19 /* Project object */;
}
